
Microsoft Visual Studio Solution File, Format Version 12.00
# Visual Studio 15
VisualStudioVersion = 15.0.28307.489
MinimumVisualStudioVersion = 10.0.40219.1
Project("{FAE04EC0-301F-11D3-BF4B-00C04F79EFBC}") = "Vk_Client_by_MK", "Vk_Client_by_MK\Vk_Client_by_MK.csproj", "{F28F1CBB-73B3-4499-A8DC-3C7B3A515D93}"
EndProject
Global
	GlobalSection(SolutionConfigurationPlatforms) = preSolution
		Debug|Any CPU = Debug|Any CPU
		Release|Any CPU = Release|Any CPU
	EndGlobalSection
	GlobalSection(ProjectConfigurationPlatforms) = postSolution
		{F28F1CBB-73B3-4499-A8DC-3C7B3A515D93}.Debug|Any CPU.ActiveCfg = Debug|Any CPU
		{F28F1CBB-73B3-4499-A8DC-3C7B3A515D93}.Debug|Any CPU.Build.0 = Debug|Any CPU
		{F28F1CBB-73B3-4499-A8DC-3C7B3A515D93}.Release|Any CPU.ActiveCfg = Release|Any CPU
		{F28F1CBB-73B3-4499-A8DC-3C7B3A515D93}.Release|Any CPU.Build.0 = Release|Any CPU
	EndGlobalSection
	GlobalSection(SolutionProperties) = preSolution
		HideSolutionNode = FALSE
	EndGlobalSection
	GlobalSection(ExtensibilityGlobals) = postSolution
		SolutionGuid = {EA22BA08-B454-480B-8B77-294C330809D5}
	EndGlobalSection
EndGlobal
